<?xml version="1.0" encoding="utf-8"?>
<Project ToolsVersion="4.0" xmlns="http://schemas.microsoft.com/developer/msbuild/2003">
  <ItemGroup>
    <ClCompile Include="WinMain.cpp" />
    <ClCompile Include="MenuScene.cpp">
      <Filter>Scene</Filter>
    </ClCompile>
    <ClCompile Include="CharacterSelectScene.cpp">
      <Filter>Scene</Filter>
    </ClCompile>
    <ClCompile Include="Stage1.cpp">
      <Filter>Scene</Filter>
    </ClCompile>
    <ClCompile Include="PrevHeader.cpp">
      <Filter>PrevHeader</Filter>
    </ClCompile>
    <ClCompile Include="BulletMgr.cpp">
      <Filter>Manager</Filter>
    </ClCompile>
    <ClCompile Include="Player.cpp">
      <Filter>Player</Filter>
    </ClCompile>
    <ClCompile Include="Effect.cpp">
      <Filter>Effect</Filter>
    </ClCompile>
    <ClCompile Include="Enemy.cpp">
      <Filter>Enemy</Filter>
    </ClCompile>
    <ClCompile Include="EnemySpawner.cpp">
      <Filter>Enemy</Filter>
    </ClCompile>
    <ClCompile Include="E_Mummy.cpp">
      <Filter>Enemy\Stage1</Filter>
    </ClCompile>
    <ClCompile Include="E_Eagle.cpp">
      <Filter>Enemy\Stage1</Filter>
    </ClCompile>
    <ClCompile Include="E_Anubis.cpp">
      <Filter>Enemy\Stage1</Filter>
    </ClCompile>
    <ClCompile Include="Bullet.cpp">
      <Filter>Bullet</Filter>
    </ClCompile>
    <ClCompile Include="RBullet.cpp">
      <Filter>Bullet</Filter>
    </ClCompile>
    <ClCompile Include="UI.cpp">
      <Filter>UI</Filter>
    </ClCompile>
    <ClCompile Include="UIMgr.cpp">
      <Filter>Manager</Filter>
    </ClCompile>
    <ClCompile Include="CollisionEffect.cpp">
      <Filter>Effect</Filter>
    </ClCompile>
    <ClCompile Include="EffectFactory.cpp">
      <Filter>Effect</Filter>
    </ClCompile>
    <ClCompile Include="E_Thoth.cpp">
      <Filter>Enemy\Stage2</Filter>
    </ClCompile>
    <ClCompile Include="E_Cobra.cpp">
      <Filter>Enemy\Stage2</Filter>
    </ClCompile>
    <ClCompile Include="E_Cat.cpp">
      <Filter>Enemy\Stage2</Filter>
    </ClCompile>
    <ClCompile Include="E_Spinks.cpp">
      <Filter>Enemy\Stage3</Filter>
    </ClCompile>
    <ClCompile Include="Hp.cpp" />
    <ClCompile Include="Stair.cpp" />
    <ClCompile Include="Stage2.cpp">
      <Filter>Scene</Filter>
    </ClCompile>
    <ClCompile Include="TestMap.cpp">
      <Filter>Scene</Filter>
    </ClCompile>
  </ItemGroup>
  <ItemGroup>
    <Filter Include="Scene">
      <UniqueIdentifier>{4b68dd1a-e14a-4513-8eef-f3e02eddc302}</UniqueIdentifier>
    </Filter>
    <Filter Include="Player">
      <UniqueIdentifier>{7e7313c9-67cc-4342-ac0c-b8c3a9df96d1}</UniqueIdentifier>
    </Filter>
    <Filter Include="PrevHeader">
      <UniqueIdentifier>{cc9b412c-6126-4c8f-82b1-d8d17ca0cad4}</UniqueIdentifier>
    </Filter>
    <Filter Include="Manager">
      <UniqueIdentifier>{239dc31b-624f-4580-83e7-ec81636bad2b}</UniqueIdentifier>
    </Filter>
    <Filter Include="Effect">
      <UniqueIdentifier>{e5e0d871-b71b-460d-8fef-f13ebf0c3620}</UniqueIdentifier>
    </Filter>
    <Filter Include="Enemy">
      <UniqueIdentifier>{93293b71-03eb-4ea2-8816-4e7a3306c528}</UniqueIdentifier>
    </Filter>
    <Filter Include="Bullet">
      <UniqueIdentifier>{060ae527-ae61-4f55-8958-d0023084a268}</UniqueIdentifier>
    </Filter>
    <Filter Include="Enemy\Stage2">
      <UniqueIdentifier>{d893dba8-a339-4ee3-a3ab-13b0251e1e96}</UniqueIdentifier>
    </Filter>
    <Filter Include="Enemy\Stage3">
      <UniqueIdentifier>{1c2a8fec-bbdb-4b1d-8ff5-68ffe2f9c663}</UniqueIdentifier>
    </Filter>
    <Filter Include="UI">
      <UniqueIdentifier>{64188ba4-426e-45bd-aa08-8e07b428d046}</UniqueIdentifier>
    </Filter>
    <Filter Include="Enemy\Stage1">
      <UniqueIdentifier>{4fa63ac4-f194-4a0b-bb1d-0fa098cd724d}</UniqueIdentifier>
    </Filter>
  </ItemGroup>
  <ItemGroup>
    <ClInclude Include="MenuScene.h">
      <Filter>Scene</Filter>
    </ClInclude>
    <ClInclude Include="CharacterSelectScene.h">
      <Filter>Scene</Filter>
    </ClInclude>
    <ClInclude Include="Stage1.h">
      <Filter>Scene</Filter>
    </ClInclude>
    <ClInclude Include="Player.h">
      <Filter>Player</Filter>
    </ClInclude>
    <ClInclude Include="PrevHeader.h">
      <Filter>PrevHeader</Filter>
    </ClInclude>
    <ClInclude Include="BulletMgr.h">
      <Filter>Manager</Filter>
    </ClInclude>
    <ClInclude Include="Effect.h">
      <Filter>Effect</Filter>
    </ClInclude>
    <ClInclude Include="EnemySpawner.h">
      <Filter>Enemy</Filter>
    </ClInclude>
    <ClInclude Include="Enemy.h">
      <Filter>Enemy</Filter>
    </ClInclude>
    <ClInclude Include="E_Mummy.h">
      <Filter>Enemy\Stage1</Filter>
    </ClInclude>
    <ClInclude Include="E_Eagle.h">
      <Filter>Enemy\Stage1</Filter>
    </ClInclude>
    <ClInclude Include="E_Anubis.h">
      <Filter>Enemy\Stage1</Filter>
    </ClInclude>
    <ClInclude Include="Bullet.h">
      <Filter>Bullet</Filter>
    </ClInclude>
    <ClInclude Include="RBullet.h">
      <Filter>Bullet</Filter>
    </ClInclude>
    <ClInclude Include="UI.h">
      <Filter>UI</Filter>
    </ClInclude>
    <ClInclude Include="UIMgr.h">
      <Filter>Manager</Filter>
    </ClInclude>
    <ClInclude Include="CollisionEffect.h">
      <Filter>Effect</Filter>
    </ClInclude>
    <ClInclude Include="EffectFactory.h">
      <Filter>Effect</Filter>
    </ClInclude>
    <ClInclude Include="E_Thoth.h">
      <Filter>Enemy\Stage2</Filter>
    </ClInclude>
    <ClInclude Include="E_Cobra.h">
      <Filter>Enemy\Stage2</Filter>
    </ClInclude>
    <ClInclude Include="E_Cat.h">
      <Filter>Enemy\Stage2</Filter>
    </ClInclude>
    <ClInclude Include="E_Spinks.h">
      <Filter>Enemy\Stage3</Filter>
    </ClInclude>
    <ClInclude Include="Hp.h" />
    <ClInclude Include="Stair.h" />
    <ClInclude Include="Stage2.h">
      <Filter>Scene</Filter>
    </ClInclude>
    <ClInclude Include="TestMap.h">
      <Filter>Scene</Filter>
    </ClInclude>
  </ItemGroup>
</Project>