<?xml version="1.0" encoding="utf-8"?>
<Project ToolsVersion="4.0" xmlns="http://schemas.microsoft.com/developer/msbuild/2003">
  <ItemGroup>
    <ClCompile Include="WinMain.cpp" />
    <ClCompile Include="MenuScene.cpp">
      <Filter>Scene</Filter>
    </ClCompile>
    <ClCompile Include="CharacterSelectScene.cpp">
      <Filter>Scene</Filter>
    </ClCompile>
    <ClCompile Include="Stage1.cpp">
      <Filter>Scene</Filter>
    </ClCompile>
    <ClCompile Include="PrevHeader.cpp">
      <Filter>PrevHeader</Filter>
    </ClCompile>
    <ClCompile Include="BulletMgr.cpp">
      <Filter>Manager</Filter>
    </ClCompile>
    <ClCompile Include="Player.cpp">
      <Filter>Player</Filter>
    </ClCompile>
    <ClCompile Include="Bullet.cpp">
      <Filter>Object</Filter>
    </ClCompile>
    <ClCompile Include="Effect.cpp">
      <Filter>Effect</Filter>
    </ClCompile>
    <ClCompile Include="EffectMgr.cpp">
      <Filter>Effect</Filter>
    </ClCompile>
    <ClCompile Include="E_Eagle.cpp">
      <Filter>Enemy</Filter>
    </ClCompile>
    <ClCompile Include="E_Mummy.cpp">
      <Filter>Enemy</Filter>
    </ClCompile>
    <ClCompile Include="Enemy.cpp">
      <Filter>Enemy</Filter>
    </ClCompile>
    <ClCompile Include="EnemySpawner.cpp">
      <Filter>Enemy</Filter>
    </ClCompile>
  </ItemGroup>
  <ItemGroup>
    <Filter Include="Scene">
      <UniqueIdentifier>{4b68dd1a-e14a-4513-8eef-f3e02eddc302}</UniqueIdentifier>
    </Filter>
    <Filter Include="Player">
      <UniqueIdentifier>{7e7313c9-67cc-4342-ac0c-b8c3a9df96d1}</UniqueIdentifier>
    </Filter>
    <Filter Include="PrevHeader">
      <UniqueIdentifier>{cc9b412c-6126-4c8f-82b1-d8d17ca0cad4}</UniqueIdentifier>
    </Filter>
    <Filter Include="Object">
      <UniqueIdentifier>{7721b051-1390-4d28-b819-2664175b82ec}</UniqueIdentifier>
    </Filter>
    <Filter Include="Manager">
      <UniqueIdentifier>{239dc31b-624f-4580-83e7-ec81636bad2b}</UniqueIdentifier>
    </Filter>
    <Filter Include="Effect">
      <UniqueIdentifier>{e5e0d871-b71b-460d-8fef-f13ebf0c3620}</UniqueIdentifier>
    </Filter>
    <Filter Include="Enemy">
      <UniqueIdentifier>{93293b71-03eb-4ea2-8816-4e7a3306c528}</UniqueIdentifier>
    </Filter>
  </ItemGroup>
  <ItemGroup>
    <ClInclude Include="MenuScene.h">
      <Filter>Scene</Filter>
    </ClInclude>
    <ClInclude Include="CharacterSelectScene.h">
      <Filter>Scene</Filter>
    </ClInclude>
    <ClInclude Include="Stage1.h">
      <Filter>Scene</Filter>
    </ClInclude>
    <ClInclude Include="Player.h">
      <Filter>Player</Filter>
    </ClInclude>
    <ClInclude Include="PrevHeader.h">
      <Filter>PrevHeader</Filter>
    </ClInclude>
    <ClInclude Include="Bullet.h">
      <Filter>Object</Filter>
    </ClInclude>
    <ClInclude Include="BulletMgr.h">
      <Filter>Manager</Filter>
    </ClInclude>
    <ClInclude Include="EffectMgr.h">
      <Filter>Effect</Filter>
    </ClInclude>
    <ClInclude Include="Effect.h">
      <Filter>Effect</Filter>
    </ClInclude>
    <ClInclude Include="E_Eagle.h">
      <Filter>Enemy</Filter>
    </ClInclude>
    <ClInclude Include="E_Mummy.h">
      <Filter>Enemy</Filter>
    </ClInclude>
    <ClInclude Include="EnemySpawner.h">
      <Filter>Enemy</Filter>
    </ClInclude>
    <ClInclude Include="Enemy.h">
      <Filter>Enemy</Filter>
    </ClInclude>
  </ItemGroup>
</Project>